
Microsoft Visual Studio Solution File, Format Version 12.00
# Visual Studio 2013
VisualStudioVersion = 12.0.21005.1
MinimumVisualStudioVersion = 10.0.40219.1
Project("{8BC9CEB8-8B4A-11D0-8D11-00A0C91BC942}") = "ch1-window", "ch1-window\ch1-window.vcxproj", "{6786F816-DFEA-4467-8E23-AC2805BEB6C6}"
EndProject
Project("{8BC9CEB8-8B4A-11D0-8D11-00A0C91BC942}") = "ch2-Triangle", "ch2-Triangle\ch2-Triangle.vcxproj", "{106FB599-AD0E-4BAB-A335-CBF9CFDB3438}"
EndProject
Project("{8BC9CEB8-8B4A-11D0-8D11-00A0C91BC942}") = "ch3-Rectangle", "ch3-Rectangle\ch3-Rectangle.vcxproj", "{B545B9FD-9C68-42FB-A8FD-AD2064C2F2A1}"
EndProject
Project("{8BC9CEB8-8B4A-11D0-8D11-00A0C91BC942}") = "ch4-shader-in-out", "ch4-shader-in-out\ch4-shader-in-out.vcxproj", "{E193CAE6-66C6-4DE2-B747-B00D238F29EE}"
EndProject
Project("{8BC9CEB8-8B4A-11D0-8D11-00A0C91BC942}") = "ch5-shader-uniform", "ch5-shader-uniform\ch5-shader-uniform.vcxproj", "{A1F0F002-5319-4E05-BE3A-651397A5927A}"
EndProject
Project("{8BC9CEB8-8B4A-11D0-8D11-00A0C91BC942}") = "ch6-shader-attribute", "ch6-shader-attribute\ch6-shader-attribute.vcxproj", "{7626A06E-EF71-4034-80A9-EC552FB9F382}"
EndProject
Project("{8BC9CEB8-8B4A-11D0-8D11-00A0C91BC942}") = "ch7-texture-brick", "ch7-texture-brick\ch7-texture-brick.vcxproj", "{0F0B8294-42CA-4598-986C-C6D6238BA219}"
EndProject
Project("{8BC9CEB8-8B4A-11D0-8D11-00A0C91BC942}") = "ch8-texture-container", "ch8-texture-container\ch8-texture-container.vcxproj", "{33A43DB9-03AD-4A37-930C-B8F7A6AA0679}"
EndProject
Project("{8BC9CEB8-8B4A-11D0-8D11-00A0C91BC942}") = "ch9-texture-unit", "ch9-texture-unit\ch9-texture-unit.vcxproj", "{2644D79F-5DD3-4DD6-AAAF-95AE55E4DD1F}"
EndProject
Project("{8BC9CEB8-8B4A-11D0-8D11-00A0C91BC942}") = "ch10-Transformations", "ch10-Transformations\ch10-Transformations.vcxproj", "{4E87F22C-6CA5-4172-A9A8-EB299EC1536C}"
EndProject
Project("{8BC9CEB8-8B4A-11D0-8D11-00A0C91BC942}") = "ch11-mvp-matrix", "ch11-mvp-matrix\ch11-mvp-matrix.vcxproj", "{F69E2D0A-4CDC-4272-A327-223E1F65E805}"
EndProject
Project("{8BC9CEB8-8B4A-11D0-8D11-00A0C91BC942}") = "ch12-mvp-cube", "ch12-mvp-cube\ch12-mvp-cube.vcxproj", "{98791C25-2CCC-4C03-8332-C2ECD4727AE7}"
EndProject
Project("{8BC9CEB8-8B4A-11D0-8D11-00A0C91BC942}") = "ch13-mvp-manyCube", "ch13-mvp-manyCube\ch13-mvp-manyCube.vcxproj", "{C159AF5B-B8C1-41A5-BBF8-8E7875E79537}"
EndProject
Project("{8BC9CEB8-8B4A-11D0-8D11-00A0C91BC942}") = "ch14-camera-rotate", "ch14-camera-rotate\ch14-camera-rotate.vcxproj", "{3B33475F-B32C-4205-99B8-BC3A97A41604}"
EndProject
Project("{8BC9CEB8-8B4A-11D0-8D11-00A0C91BC942}") = "ch15-camera-look-around", "ch15-camera-look-around\ch15-camera-look-around.vcxproj", "{B0FD2022-2588-4A81-AD6E-546335C9DF7A}"
EndProject
Project("{8BC9CEB8-8B4A-11D0-8D11-00A0C91BC942}") = "ch16-camera-walk-around", "ch16-camera-walk-around\ch16-camera-walk-around.vcxproj", "{D5F78674-6ADD-4E9E-B63E-6E8E466CC23A}"
EndProject
Project("{8BC9CEB8-8B4A-11D0-8D11-00A0C91BC942}") = "ch17-camera-zoom", "ch17-camera-zoom\ch17-camera-zoom.vcxproj", "{D11DBC1C-717A-445A-BA86-9448B9F29FCA}"
EndProject
Project("{8BC9CEB8-8B4A-11D0-8D11-00A0C91BC942}") = "ch18-light-color", "ch18-light-color\ch18-light-color.vcxproj", "{0BE02F59-46D5-4E84-B64F-AD0B1ABE8D07}"
EndProject
Project("{8BC9CEB8-8B4A-11D0-8D11-00A0C91BC942}") = "ch19-light-ambient", "ch19-light-ambient\ch19-light-ambient.vcxproj", "{C8269402-E6E9-4DC3-9A2D-91D7FDF71393}"
EndProject
Project("{8BC9CEB8-8B4A-11D0-8D11-00A0C91BC942}") = "ch20-light-diffuse", "ch20-light-diffuse\ch20-light-diffuse.vcxproj", "{331888E5-03AA-4E0F-BB39-EAE7AC3FE277}"
EndProject
Project("{8BC9CEB8-8B4A-11D0-8D11-00A0C91BC942}") = "ch21-light-specular", "ch21-light-specular\ch21-light-specular.vcxproj", "{BEBCD7C7-AE4C-4E62-A9D7-53B8D6A37768}"
EndProject
Project("{8BC9CEB8-8B4A-11D0-8D11-00A0C91BC942}") = "ch22-material", "ch22-material\ch22-material.vcxproj", "{60893E75-C4A4-4BB6-B665-32A59F9ECB05}"
EndProject
Project("{8BC9CEB8-8B4A-11D0-8D11-00A0C91BC942}") = "ch22-material-color", "ch22-material-color\ch22-material-color.vcxproj", "{FF262149-5442-4BB4-8375-0049E848E319}"
EndProject
Project("{8BC9CEB8-8B4A-11D0-8D11-00A0C91BC942}") = "ch23-Light-diffuse-map", "ch23-Light-diffuse-map\ch23-Light-diffuse-map.vcxproj", "{464E8C66-671D-42B3-8535-C951CD8C018F}"
EndProject
Project("{8BC9CEB8-8B4A-11D0-8D11-00A0C91BC942}") = "ch24-Light-specular-map", "ch24-Light-specular-map\ch24-Light-specular-map.vcxproj", "{9F01489C-E752-47A6-8AC2-491DE85967DD}"
EndProject
Project("{8BC9CEB8-8B4A-11D0-8D11-00A0C91BC942}") = "ch25-Directional-light", "ch25-Directional-light\ch25-Directional-light.vcxproj", "{024DBD26-71FE-4DEB-A341-9D86FD7DF850}"
EndProject
Project("{8BC9CEB8-8B4A-11D0-8D11-00A0C91BC942}") = "ch26-Point-light", "ch26-Point-light\ch26-Point-light.vcxproj", "{2BBC4B9A-2BEC-44D5-B876-2089EF9CF886}"
EndProject
Project("{8BC9CEB8-8B4A-11D0-8D11-00A0C91BC942}") = "ch27-Spot-light", "ch27-Spot-light\ch27-Spot-light.vcxproj", "{752C3748-6C82-42C1-8EF4-FD89D817445C}"
EndProject
Project("{8BC9CEB8-8B4A-11D0-8D11-00A0C91BC942}") = "ch28-Multi-Light", "ch28-Multi-Light\ch28-Multi-Light.vcxproj", "{F53AC962-CA0E-4ABC-90D8-5411FBE36075}"
EndProject
Project("{8BC9CEB8-8B4A-11D0-8D11-00A0C91BC942}") = "ch29-Model-Load", "ch29-Model-Load\ch29-Model-Load.vcxproj", "{03EEDDA4-6739-41D3-9262-C4C45D9C516B}"
EndProject
Project("{8BC9CEB8-8B4A-11D0-8D11-00A0C91BC942}") = "ch30-depth-test", "ch30-depth-test\ch30-depth-test.vcxproj", "{9D4885F3-31CD-48E4-B46F-3CEF0250E941}"
EndProject
Project("{8BC9CEB8-8B4A-11D0-8D11-00A0C91BC942}") = "ch31-Stencil-test", "ch31-Stencil-test\ch31-Stencil-test.vcxproj", "{9CA6F96E-060A-40FE-9B95-909A090AA366}"
EndProject
Project("{8BC9CEB8-8B4A-11D0-8D11-00A0C91BC942}") = "ch33-Blending", "ch33-Blending\ch33-Blending.vcxproj", "{7794B14F-8E17-41D6-BC33-03CEF45FBAB9}"
EndProject
Project("{8BC9CEB8-8B4A-11D0-8D11-00A0C91BC942}") = "ch32-Stencil-outline", "ch32-Stencil-outline\ch32-Stencil-outline.vcxproj", "{E7198216-6C8C-46F9-85E5-0983586FE5A3}"
EndProject
Project("{8BC9CEB8-8B4A-11D0-8D11-00A0C91BC942}") = "ch34-Blend-order", "ch34-Blend-order\ch34-Blend-order.vcxproj", "{C782C9FE-B91A-47D9-9B4A-FBFB1D920CA4}"
EndProject
Project("{8BC9CEB8-8B4A-11D0-8D11-00A0C91BC942}") = "ch35-Face-Culling", "ch35-Face-Culling\ch35-Face-Culling.vcxproj", "{CC4BB093-FDF0-4C18-9E24-FF3ABDACCF87}"
EndProject
Project("{8BC9CEB8-8B4A-11D0-8D11-00A0C91BC942}") = "ch36-fbo-post", "ch36-fbo-post\ch36-fbo-post.vcxproj", "{53FCC9E7-8E5A-4B91-BEE0-81CC1D78F280}"
EndProject
Project("{8BC9CEB8-8B4A-11D0-8D11-00A0C91BC942}") = "ch37-Cube-map", "ch37-Cube-map\ch37-Cube-map.vcxproj", "{F210048D-BED8-40D7-9B80-E297CFBA77CD}"
EndProject
Project("{8BC9CEB8-8B4A-11D0-8D11-00A0C91BC942}") = "ch38-Environment-mapping", "ch38-Environment-mapping\ch38-Environment-mapping.vcxproj", "{26285257-C7CB-4D7E-BA73-3C15B9E8C2F8}"
EndProject
Project("{8BC9CEB8-8B4A-11D0-8D11-00A0C91BC942}") = "ch39-Environment-Refraction", "ch39-Environment-Refraction\ch39-Environment-Refraction.vcxproj", "{C011431E-E47A-4A4B-9A7B-58AB69918EC1}"
EndProject
Project("{8BC9CEB8-8B4A-11D0-8D11-00A0C91BC942}") = "ch40-GLSL-PointSize", "ch40-GLSL-PointSize\ch40-GLSL-PointSize.vcxproj", "{EF757096-BF11-4AFD-9210-C0402A3F9125}"
EndProject
Project("{8BC9CEB8-8B4A-11D0-8D11-00A0C91BC942}") = "ch41-GLSL-UBO", "ch41-GLSL-UBO\ch41-GLSL-UBO.vcxproj", "{5026AFEF-665D-42AB-8371-7959755EE1DC}"
EndProject
Project("{8BC9CEB8-8B4A-11D0-8D11-00A0C91BC942}") = "ch42-gs-line", "ch42-gs-line\ch42-gs-line.vcxproj", "{5DEFC985-13EE-4877-89E7-699AB615724E}"
EndProject
Project("{8BC9CEB8-8B4A-11D0-8D11-00A0C91BC942}") = "ch43-gs-house", "ch43-gs-house\ch43-gs-house.vcxproj", "{1B9D1ADC-6C24-48B9-8AEE-AB31F6C3ECF0}"
EndProject
Project("{8BC9CEB8-8B4A-11D0-8D11-00A0C91BC942}") = "ch44-gs-Exploding", "ch44-gs-Exploding\ch44-gs-Exploding.vcxproj", "{E7C63AC2-530C-4F14-A281-60A271B82BE2}"
EndProject
Project("{8BC9CEB8-8B4A-11D0-8D11-00A0C91BC942}") = "ch45-gs-normal", "ch45-gs-normal\ch45-gs-normal.vcxproj", "{DAC5BFBF-F242-4480-AA6C-42AB1BD22F9C}"
EndProject
Project("{8BC9CEB8-8B4A-11D0-8D11-00A0C91BC942}") = "ch46-instance-quad", "ch46-instance-quad\ch46-instance-quad.vcxproj", "{C522BECF-516A-4E0B-ADE6-6C4317029E6D}"
EndProject
Project("{8BC9CEB8-8B4A-11D0-8D11-00A0C91BC942}") = "ch47-instance-asteroid", "ch47-instance-asteroid\ch47-instance-asteroid.vcxproj", "{C7E3CBAD-1335-4F06-8599-5E91A8F79F11}"
EndProject
Project("{8BC9CEB8-8B4A-11D0-8D11-00A0C91BC942}") = "ch48-MultiSample", "ch48-MultiSample\ch48-MultiSample.vcxproj", "{5F411239-E17E-46B7-BBDF-A6326418F4B0}"
EndProject
Global
	GlobalSection(SolutionConfigurationPlatforms) = preSolution
		Debug|Win32 = Debug|Win32
		Release|Win32 = Release|Win32
	EndGlobalSection
	GlobalSection(ProjectConfigurationPlatforms) = postSolution
		{6786F816-DFEA-4467-8E23-AC2805BEB6C6}.Debug|Win32.ActiveCfg = Debug|Win32
		{6786F816-DFEA-4467-8E23-AC2805BEB6C6}.Debug|Win32.Build.0 = Debug|Win32
		{6786F816-DFEA-4467-8E23-AC2805BEB6C6}.Release|Win32.ActiveCfg = Release|Win32
		{6786F816-DFEA-4467-8E23-AC2805BEB6C6}.Release|Win32.Build.0 = Release|Win32
		{106FB599-AD0E-4BAB-A335-CBF9CFDB3438}.Debug|Win32.ActiveCfg = Debug|Win32
		{106FB599-AD0E-4BAB-A335-CBF9CFDB3438}.Debug|Win32.Build.0 = Debug|Win32
		{106FB599-AD0E-4BAB-A335-CBF9CFDB3438}.Release|Win32.ActiveCfg = Release|Win32
		{106FB599-AD0E-4BAB-A335-CBF9CFDB3438}.Release|Win32.Build.0 = Release|Win32
		{B545B9FD-9C68-42FB-A8FD-AD2064C2F2A1}.Debug|Win32.ActiveCfg = Debug|Win32
		{B545B9FD-9C68-42FB-A8FD-AD2064C2F2A1}.Debug|Win32.Build.0 = Debug|Win32
		{B545B9FD-9C68-42FB-A8FD-AD2064C2F2A1}.Release|Win32.ActiveCfg = Release|Win32
		{B545B9FD-9C68-42FB-A8FD-AD2064C2F2A1}.Release|Win32.Build.0 = Release|Win32
		{E193CAE6-66C6-4DE2-B747-B00D238F29EE}.Debug|Win32.ActiveCfg = Debug|Win32
		{E193CAE6-66C6-4DE2-B747-B00D238F29EE}.Debug|Win32.Build.0 = Debug|Win32
		{E193CAE6-66C6-4DE2-B747-B00D238F29EE}.Release|Win32.ActiveCfg = Release|Win32
		{E193CAE6-66C6-4DE2-B747-B00D238F29EE}.Release|Win32.Build.0 = Release|Win32
		{A1F0F002-5319-4E05-BE3A-651397A5927A}.Debug|Win32.ActiveCfg = Debug|Win32
		{A1F0F002-5319-4E05-BE3A-651397A5927A}.Debug|Win32.Build.0 = Debug|Win32
		{A1F0F002-5319-4E05-BE3A-651397A5927A}.Release|Win32.ActiveCfg = Release|Win32
		{A1F0F002-5319-4E05-BE3A-651397A5927A}.Release|Win32.Build.0 = Release|Win32
		{7626A06E-EF71-4034-80A9-EC552FB9F382}.Debug|Win32.ActiveCfg = Debug|Win32
		{7626A06E-EF71-4034-80A9-EC552FB9F382}.Debug|Win32.Build.0 = Debug|Win32
		{7626A06E-EF71-4034-80A9-EC552FB9F382}.Release|Win32.ActiveCfg = Release|Win32
		{7626A06E-EF71-4034-80A9-EC552FB9F382}.Release|Win32.Build.0 = Release|Win32
		{0F0B8294-42CA-4598-986C-C6D6238BA219}.Debug|Win32.ActiveCfg = Debug|Win32
		{0F0B8294-42CA-4598-986C-C6D6238BA219}.Debug|Win32.Build.0 = Debug|Win32
		{0F0B8294-42CA-4598-986C-C6D6238BA219}.Release|Win32.ActiveCfg = Release|Win32
		{0F0B8294-42CA-4598-986C-C6D6238BA219}.Release|Win32.Build.0 = Release|Win32
		{33A43DB9-03AD-4A37-930C-B8F7A6AA0679}.Debug|Win32.ActiveCfg = Debug|Win32
		{33A43DB9-03AD-4A37-930C-B8F7A6AA0679}.Debug|Win32.Build.0 = Debug|Win32
		{33A43DB9-03AD-4A37-930C-B8F7A6AA0679}.Release|Win32.ActiveCfg = Release|Win32
		{33A43DB9-03AD-4A37-930C-B8F7A6AA0679}.Release|Win32.Build.0 = Release|Win32
		{2644D79F-5DD3-4DD6-AAAF-95AE55E4DD1F}.Debug|Win32.ActiveCfg = Debug|Win32
		{2644D79F-5DD3-4DD6-AAAF-95AE55E4DD1F}.Debug|Win32.Build.0 = Debug|Win32
		{2644D79F-5DD3-4DD6-AAAF-95AE55E4DD1F}.Release|Win32.ActiveCfg = Release|Win32
		{2644D79F-5DD3-4DD6-AAAF-95AE55E4DD1F}.Release|Win32.Build.0 = Release|Win32
		{4E87F22C-6CA5-4172-A9A8-EB299EC1536C}.Debug|Win32.ActiveCfg = Debug|Win32
		{4E87F22C-6CA5-4172-A9A8-EB299EC1536C}.Debug|Win32.Build.0 = Debug|Win32
		{4E87F22C-6CA5-4172-A9A8-EB299EC1536C}.Release|Win32.ActiveCfg = Release|Win32
		{4E87F22C-6CA5-4172-A9A8-EB299EC1536C}.Release|Win32.Build.0 = Release|Win32
		{F69E2D0A-4CDC-4272-A327-223E1F65E805}.Debug|Win32.ActiveCfg = Debug|Win32
		{F69E2D0A-4CDC-4272-A327-223E1F65E805}.Debug|Win32.Build.0 = Debug|Win32
		{F69E2D0A-4CDC-4272-A327-223E1F65E805}.Release|Win32.ActiveCfg = Release|Win32
		{F69E2D0A-4CDC-4272-A327-223E1F65E805}.Release|Win32.Build.0 = Release|Win32
		{98791C25-2CCC-4C03-8332-C2ECD4727AE7}.Debug|Win32.ActiveCfg = Debug|Win32
		{98791C25-2CCC-4C03-8332-C2ECD4727AE7}.Debug|Win32.Build.0 = Debug|Win32
		{98791C25-2CCC-4C03-8332-C2ECD4727AE7}.Release|Win32.ActiveCfg = Release|Win32
		{98791C25-2CCC-4C03-8332-C2ECD4727AE7}.Release|Win32.Build.0 = Release|Win32
		{C159AF5B-B8C1-41A5-BBF8-8E7875E79537}.Debug|Win32.ActiveCfg = Debug|Win32
		{C159AF5B-B8C1-41A5-BBF8-8E7875E79537}.Debug|Win32.Build.0 = Debug|Win32
		{C159AF5B-B8C1-41A5-BBF8-8E7875E79537}.Release|Win32.ActiveCfg = Release|Win32
		{C159AF5B-B8C1-41A5-BBF8-8E7875E79537}.Release|Win32.Build.0 = Release|Win32
		{3B33475F-B32C-4205-99B8-BC3A97A41604}.Debug|Win32.ActiveCfg = Debug|Win32
		{3B33475F-B32C-4205-99B8-BC3A97A41604}.Debug|Win32.Build.0 = Debug|Win32
		{3B33475F-B32C-4205-99B8-BC3A97A41604}.Release|Win32.ActiveCfg = Release|Win32
		{3B33475F-B32C-4205-99B8-BC3A97A41604}.Release|Win32.Build.0 = Release|Win32
		{B0FD2022-2588-4A81-AD6E-546335C9DF7A}.Debug|Win32.ActiveCfg = Debug|Win32
		{B0FD2022-2588-4A81-AD6E-546335C9DF7A}.Debug|Win32.Build.0 = Debug|Win32
		{B0FD2022-2588-4A81-AD6E-546335C9DF7A}.Release|Win32.ActiveCfg = Release|Win32
		{B0FD2022-2588-4A81-AD6E-546335C9DF7A}.Release|Win32.Build.0 = Release|Win32
		{D5F78674-6ADD-4E9E-B63E-6E8E466CC23A}.Debug|Win32.ActiveCfg = Debug|Win32
		{D5F78674-6ADD-4E9E-B63E-6E8E466CC23A}.Debug|Win32.Build.0 = Debug|Win32
		{D5F78674-6ADD-4E9E-B63E-6E8E466CC23A}.Release|Win32.ActiveCfg = Release|Win32
		{D5F78674-6ADD-4E9E-B63E-6E8E466CC23A}.Release|Win32.Build.0 = Release|Win32
		{D11DBC1C-717A-445A-BA86-9448B9F29FCA}.Debug|Win32.ActiveCfg = Debug|Win32
		{D11DBC1C-717A-445A-BA86-9448B9F29FCA}.Debug|Win32.Build.0 = Debug|Win32
		{D11DBC1C-717A-445A-BA86-9448B9F29FCA}.Release|Win32.ActiveCfg = Release|Win32
		{D11DBC1C-717A-445A-BA86-9448B9F29FCA}.Release|Win32.Build.0 = Release|Win32
		{0BE02F59-46D5-4E84-B64F-AD0B1ABE8D07}.Debug|Win32.ActiveCfg = Debug|Win32
		{0BE02F59-46D5-4E84-B64F-AD0B1ABE8D07}.Debug|Win32.Build.0 = Debug|Win32
		{0BE02F59-46D5-4E84-B64F-AD0B1ABE8D07}.Release|Win32.ActiveCfg = Release|Win32
		{0BE02F59-46D5-4E84-B64F-AD0B1ABE8D07}.Release|Win32.Build.0 = Release|Win32
		{C8269402-E6E9-4DC3-9A2D-91D7FDF71393}.Debug|Win32.ActiveCfg = Debug|Win32
		{C8269402-E6E9-4DC3-9A2D-91D7FDF71393}.Debug|Win32.Build.0 = Debug|Win32
		{C8269402-E6E9-4DC3-9A2D-91D7FDF71393}.Release|Win32.ActiveCfg = Release|Win32
		{C8269402-E6E9-4DC3-9A2D-91D7FDF71393}.Release|Win32.Build.0 = Release|Win32
		{331888E5-03AA-4E0F-BB39-EAE7AC3FE277}.Debug|Win32.ActiveCfg = Debug|Win32
		{331888E5-03AA-4E0F-BB39-EAE7AC3FE277}.Debug|Win32.Build.0 = Debug|Win32
		{331888E5-03AA-4E0F-BB39-EAE7AC3FE277}.Release|Win32.ActiveCfg = Release|Win32
		{331888E5-03AA-4E0F-BB39-EAE7AC3FE277}.Release|Win32.Build.0 = Release|Win32
		{BEBCD7C7-AE4C-4E62-A9D7-53B8D6A37768}.Debug|Win32.ActiveCfg = Debug|Win32
		{BEBCD7C7-AE4C-4E62-A9D7-53B8D6A37768}.Debug|Win32.Build.0 = Debug|Win32
		{BEBCD7C7-AE4C-4E62-A9D7-53B8D6A37768}.Release|Win32.ActiveCfg = Release|Win32
		{BEBCD7C7-AE4C-4E62-A9D7-53B8D6A37768}.Release|Win32.Build.0 = Release|Win32
		{60893E75-C4A4-4BB6-B665-32A59F9ECB05}.Debug|Win32.ActiveCfg = Debug|Win32
		{60893E75-C4A4-4BB6-B665-32A59F9ECB05}.Debug|Win32.Build.0 = Debug|Win32
		{60893E75-C4A4-4BB6-B665-32A59F9ECB05}.Release|Win32.ActiveCfg = Release|Win32
		{60893E75-C4A4-4BB6-B665-32A59F9ECB05}.Release|Win32.Build.0 = Release|Win32
		{FF262149-5442-4BB4-8375-0049E848E319}.Debug|Win32.ActiveCfg = Debug|Win32
		{FF262149-5442-4BB4-8375-0049E848E319}.Debug|Win32.Build.0 = Debug|Win32
		{FF262149-5442-4BB4-8375-0049E848E319}.Release|Win32.ActiveCfg = Release|Win32
		{FF262149-5442-4BB4-8375-0049E848E319}.Release|Win32.Build.0 = Release|Win32
		{464E8C66-671D-42B3-8535-C951CD8C018F}.Debug|Win32.ActiveCfg = Debug|Win32
		{464E8C66-671D-42B3-8535-C951CD8C018F}.Debug|Win32.Build.0 = Debug|Win32
		{464E8C66-671D-42B3-8535-C951CD8C018F}.Release|Win32.ActiveCfg = Release|Win32
		{464E8C66-671D-42B3-8535-C951CD8C018F}.Release|Win32.Build.0 = Release|Win32
		{9F01489C-E752-47A6-8AC2-491DE85967DD}.Debug|Win32.ActiveCfg = Debug|Win32
		{9F01489C-E752-47A6-8AC2-491DE85967DD}.Debug|Win32.Build.0 = Debug|Win32
		{9F01489C-E752-47A6-8AC2-491DE85967DD}.Release|Win32.ActiveCfg = Release|Win32
		{9F01489C-E752-47A6-8AC2-491DE85967DD}.Release|Win32.Build.0 = Release|Win32
		{024DBD26-71FE-4DEB-A341-9D86FD7DF850}.Debug|Win32.ActiveCfg = Debug|Win32
		{024DBD26-71FE-4DEB-A341-9D86FD7DF850}.Debug|Win32.Build.0 = Debug|Win32
		{024DBD26-71FE-4DEB-A341-9D86FD7DF850}.Release|Win32.ActiveCfg = Release|Win32
		{024DBD26-71FE-4DEB-A341-9D86FD7DF850}.Release|Win32.Build.0 = Release|Win32
		{2BBC4B9A-2BEC-44D5-B876-2089EF9CF886}.Debug|Win32.ActiveCfg = Debug|Win32
		{2BBC4B9A-2BEC-44D5-B876-2089EF9CF886}.Debug|Win32.Build.0 = Debug|Win32
		{2BBC4B9A-2BEC-44D5-B876-2089EF9CF886}.Release|Win32.ActiveCfg = Release|Win32
		{2BBC4B9A-2BEC-44D5-B876-2089EF9CF886}.Release|Win32.Build.0 = Release|Win32
		{752C3748-6C82-42C1-8EF4-FD89D817445C}.Debug|Win32.ActiveCfg = Debug|Win32
		{752C3748-6C82-42C1-8EF4-FD89D817445C}.Debug|Win32.Build.0 = Debug|Win32
		{752C3748-6C82-42C1-8EF4-FD89D817445C}.Release|Win32.ActiveCfg = Release|Win32
		{752C3748-6C82-42C1-8EF4-FD89D817445C}.Release|Win32.Build.0 = Release|Win32
		{F53AC962-CA0E-4ABC-90D8-5411FBE36075}.Debug|Win32.ActiveCfg = Debug|Win32
		{F53AC962-CA0E-4ABC-90D8-5411FBE36075}.Debug|Win32.Build.0 = Debug|Win32
		{F53AC962-CA0E-4ABC-90D8-5411FBE36075}.Release|Win32.ActiveCfg = Release|Win32
		{F53AC962-CA0E-4ABC-90D8-5411FBE36075}.Release|Win32.Build.0 = Release|Win32
		{03EEDDA4-6739-41D3-9262-C4C45D9C516B}.Debug|Win32.ActiveCfg = Debug|Win32
		{03EEDDA4-6739-41D3-9262-C4C45D9C516B}.Debug|Win32.Build.0 = Debug|Win32
		{03EEDDA4-6739-41D3-9262-C4C45D9C516B}.Release|Win32.ActiveCfg = Release|Win32
		{03EEDDA4-6739-41D3-9262-C4C45D9C516B}.Release|Win32.Build.0 = Release|Win32
		{9D4885F3-31CD-48E4-B46F-3CEF0250E941}.Debug|Win32.ActiveCfg = Debug|Win32
		{9D4885F3-31CD-48E4-B46F-3CEF0250E941}.Debug|Win32.Build.0 = Debug|Win32
		{9D4885F3-31CD-48E4-B46F-3CEF0250E941}.Release|Win32.ActiveCfg = Release|Win32
		{9D4885F3-31CD-48E4-B46F-3CEF0250E941}.Release|Win32.Build.0 = Release|Win32
		{9CA6F96E-060A-40FE-9B95-909A090AA366}.Debug|Win32.ActiveCfg = Debug|Win32
		{9CA6F96E-060A-40FE-9B95-909A090AA366}.Debug|Win32.Build.0 = Debug|Win32
		{9CA6F96E-060A-40FE-9B95-909A090AA366}.Release|Win32.ActiveCfg = Release|Win32
		{9CA6F96E-060A-40FE-9B95-909A090AA366}.Release|Win32.Build.0 = Release|Win32
		{7794B14F-8E17-41D6-BC33-03CEF45FBAB9}.Debug|Win32.ActiveCfg = Debug|Win32
		{7794B14F-8E17-41D6-BC33-03CEF45FBAB9}.Debug|Win32.Build.0 = Debug|Win32
		{7794B14F-8E17-41D6-BC33-03CEF45FBAB9}.Release|Win32.ActiveCfg = Release|Win32
		{7794B14F-8E17-41D6-BC33-03CEF45FBAB9}.Release|Win32.Build.0 = Release|Win32
		{E7198216-6C8C-46F9-85E5-0983586FE5A3}.Debug|Win32.ActiveCfg = Debug|Win32
		{E7198216-6C8C-46F9-85E5-0983586FE5A3}.Debug|Win32.Build.0 = Debug|Win32
		{E7198216-6C8C-46F9-85E5-0983586FE5A3}.Release|Win32.ActiveCfg = Release|Win32
		{E7198216-6C8C-46F9-85E5-0983586FE5A3}.Release|Win32.Build.0 = Release|Win32
		{C782C9FE-B91A-47D9-9B4A-FBFB1D920CA4}.Debug|Win32.ActiveCfg = Debug|Win32
		{C782C9FE-B91A-47D9-9B4A-FBFB1D920CA4}.Debug|Win32.Build.0 = Debug|Win32
		{C782C9FE-B91A-47D9-9B4A-FBFB1D920CA4}.Release|Win32.ActiveCfg = Release|Win32
		{C782C9FE-B91A-47D9-9B4A-FBFB1D920CA4}.Release|Win32.Build.0 = Release|Win32
		{CC4BB093-FDF0-4C18-9E24-FF3ABDACCF87}.Debug|Win32.ActiveCfg = Debug|Win32
		{CC4BB093-FDF0-4C18-9E24-FF3ABDACCF87}.Debug|Win32.Build.0 = Debug|Win32
		{CC4BB093-FDF0-4C18-9E24-FF3ABDACCF87}.Release|Win32.ActiveCfg = Release|Win32
		{CC4BB093-FDF0-4C18-9E24-FF3ABDACCF87}.Release|Win32.Build.0 = Release|Win32
		{53FCC9E7-8E5A-4B91-BEE0-81CC1D78F280}.Debug|Win32.ActiveCfg = Debug|Win32
		{53FCC9E7-8E5A-4B91-BEE0-81CC1D78F280}.Debug|Win32.Build.0 = Debug|Win32
		{53FCC9E7-8E5A-4B91-BEE0-81CC1D78F280}.Release|Win32.ActiveCfg = Release|Win32
		{53FCC9E7-8E5A-4B91-BEE0-81CC1D78F280}.Release|Win32.Build.0 = Release|Win32
		{F210048D-BED8-40D7-9B80-E297CFBA77CD}.Debug|Win32.ActiveCfg = Debug|Win32
		{F210048D-BED8-40D7-9B80-E297CFBA77CD}.Debug|Win32.Build.0 = Debug|Win32
		{F210048D-BED8-40D7-9B80-E297CFBA77CD}.Release|Win32.ActiveCfg = Release|Win32
		{F210048D-BED8-40D7-9B80-E297CFBA77CD}.Release|Win32.Build.0 = Release|Win32
		{26285257-C7CB-4D7E-BA73-3C15B9E8C2F8}.Debug|Win32.ActiveCfg = Debug|Win32
		{26285257-C7CB-4D7E-BA73-3C15B9E8C2F8}.Debug|Win32.Build.0 = Debug|Win32
		{26285257-C7CB-4D7E-BA73-3C15B9E8C2F8}.Release|Win32.ActiveCfg = Release|Win32
		{26285257-C7CB-4D7E-BA73-3C15B9E8C2F8}.Release|Win32.Build.0 = Release|Win32
		{C011431E-E47A-4A4B-9A7B-58AB69918EC1}.Debug|Win32.ActiveCfg = Debug|Win32
		{C011431E-E47A-4A4B-9A7B-58AB69918EC1}.Debug|Win32.Build.0 = Debug|Win32
		{C011431E-E47A-4A4B-9A7B-58AB69918EC1}.Release|Win32.ActiveCfg = Release|Win32
		{C011431E-E47A-4A4B-9A7B-58AB69918EC1}.Release|Win32.Build.0 = Release|Win32
		{EF757096-BF11-4AFD-9210-C0402A3F9125}.Debug|Win32.ActiveCfg = Debug|Win32
		{EF757096-BF11-4AFD-9210-C0402A3F9125}.Debug|Win32.Build.0 = Debug|Win32
		{EF757096-BF11-4AFD-9210-C0402A3F9125}.Release|Win32.ActiveCfg = Release|Win32
		{EF757096-BF11-4AFD-9210-C0402A3F9125}.Release|Win32.Build.0 = Release|Win32
		{5026AFEF-665D-42AB-8371-7959755EE1DC}.Debug|Win32.ActiveCfg = Debug|Win32
		{5026AFEF-665D-42AB-8371-7959755EE1DC}.Debug|Win32.Build.0 = Debug|Win32
		{5026AFEF-665D-42AB-8371-7959755EE1DC}.Release|Win32.ActiveCfg = Release|Win32
		{5026AFEF-665D-42AB-8371-7959755EE1DC}.Release|Win32.Build.0 = Release|Win32
		{5DEFC985-13EE-4877-89E7-699AB615724E}.Debug|Win32.ActiveCfg = Debug|Win32
		{5DEFC985-13EE-4877-89E7-699AB615724E}.Debug|Win32.Build.0 = Debug|Win32
		{5DEFC985-13EE-4877-89E7-699AB615724E}.Release|Win32.ActiveCfg = Release|Win32
		{5DEFC985-13EE-4877-89E7-699AB615724E}.Release|Win32.Build.0 = Release|Win32
		{1B9D1ADC-6C24-48B9-8AEE-AB31F6C3ECF0}.Debug|Win32.ActiveCfg = Debug|Win32
		{1B9D1ADC-6C24-48B9-8AEE-AB31F6C3ECF0}.Debug|Win32.Build.0 = Debug|Win32
		{1B9D1ADC-6C24-48B9-8AEE-AB31F6C3ECF0}.Release|Win32.ActiveCfg = Release|Win32
		{1B9D1ADC-6C24-48B9-8AEE-AB31F6C3ECF0}.Release|Win32.Build.0 = Release|Win32
		{E7C63AC2-530C-4F14-A281-60A271B82BE2}.Debug|Win32.ActiveCfg = Debug|Win32
		{E7C63AC2-530C-4F14-A281-60A271B82BE2}.Debug|Win32.Build.0 = Debug|Win32
		{E7C63AC2-530C-4F14-A281-60A271B82BE2}.Release|Win32.ActiveCfg = Release|Win32
		{E7C63AC2-530C-4F14-A281-60A271B82BE2}.Release|Win32.Build.0 = Release|Win32
		{DAC5BFBF-F242-4480-AA6C-42AB1BD22F9C}.Debug|Win32.ActiveCfg = Debug|Win32
		{DAC5BFBF-F242-4480-AA6C-42AB1BD22F9C}.Debug|Win32.Build.0 = Debug|Win32
		{DAC5BFBF-F242-4480-AA6C-42AB1BD22F9C}.Release|Win32.ActiveCfg = Release|Win32
		{DAC5BFBF-F242-4480-AA6C-42AB1BD22F9C}.Release|Win32.Build.0 = Release|Win32
		{C522BECF-516A-4E0B-ADE6-6C4317029E6D}.Debug|Win32.ActiveCfg = Debug|Win32
		{C522BECF-516A-4E0B-ADE6-6C4317029E6D}.Debug|Win32.Build.0 = Debug|Win32
		{C522BECF-516A-4E0B-ADE6-6C4317029E6D}.Release|Win32.ActiveCfg = Release|Win32
		{C522BECF-516A-4E0B-ADE6-6C4317029E6D}.Release|Win32.Build.0 = Release|Win32
		{C7E3CBAD-1335-4F06-8599-5E91A8F79F11}.Debug|Win32.ActiveCfg = Debug|Win32
		{C7E3CBAD-1335-4F06-8599-5E91A8F79F11}.Debug|Win32.Build.0 = Debug|Win32
		{C7E3CBAD-1335-4F06-8599-5E91A8F79F11}.Release|Win32.ActiveCfg = Release|Win32
		{C7E3CBAD-1335-4F06-8599-5E91A8F79F11}.Release|Win32.Build.0 = Release|Win32
		{5F411239-E17E-46B7-BBDF-A6326418F4B0}.Debug|Win32.ActiveCfg = Debug|Win32
		{5F411239-E17E-46B7-BBDF-A6326418F4B0}.Debug|Win32.Build.0 = Debug|Win32
		{5F411239-E17E-46B7-BBDF-A6326418F4B0}.Release|Win32.ActiveCfg = Release|Win32
		{5F411239-E17E-46B7-BBDF-A6326418F4B0}.Release|Win32.Build.0 = Release|Win32
	EndGlobalSection
	GlobalSection(SolutionProperties) = preSolution
		HideSolutionNode = FALSE
	EndGlobalSection
EndGlobal
