
Microsoft Visual Studio Solution File, Format Version 12.00
# Visual Studio 2012
Project("{2150E333-8FDC-42A3-9474-1A3956D46DE8}") = "ch1-Getting-Started", "ch1-Getting-Started", "{DCB4DCFC-39D4-4141-A7D4-6C3450C09955}"
EndProject
Project("{2150E333-8FDC-42A3-9474-1A3956D46DE8}") = "ch2-Lighting", "ch2-Lighting", "{36B96809-7E71-4531-A496-667859CD657C}"
EndProject
Project("{2150E333-8FDC-42A3-9474-1A3956D46DE8}") = "ch3-Model-Loading", "ch3-Model-Loading", "{E430557B-C0B0-4096-B5CF-A4F7A0FDDD96}"
EndProject
Project("{2150E333-8FDC-42A3-9474-1A3956D46DE8}") = "ch4-Advanced-OpenGL", "ch4-Advanced-OpenGL", "{8647D9A1-5D23-4014-868E-853216B01EA8}"
EndProject
Project("{2150E333-8FDC-42A3-9474-1A3956D46DE8}") = "ch5-Advanced-Lighting", "ch5-Advanced-Lighting", "{6E002463-45E8-42EE-8562-235DE59A142E}"
EndProject
Project("{2150E333-8FDC-42A3-9474-1A3956D46DE8}") = "ch6-Practice", "ch6-Practice", "{B4174FEC-04BB-4F05-AA30-7D75A0ADDFE2}"
EndProject
Project("{8BC9CEB8-8B4A-11D0-8D11-00A0C91BC942}") = "ch1-01-Window", "src\ch1-Getting-Started\ch1-01-Window\ch1-01-Window.vcxproj", "{07F1FF30-F443-4FC4-B8C2-16DDC0CB7B2E}"
EndProject
Project("{8BC9CEB8-8B4A-11D0-8D11-00A0C91BC942}") = "ch1-02-Triangle", "src\ch1-Getting-Started\ch1-02-Triangle\ch1-02-Triangle.vcxproj", "{D06E6CC1-270D-4B36-A65B-4764E0DEE86E}"
EndProject
Project("{8BC9CEB8-8B4A-11D0-8D11-00A0C91BC942}") = "ch1-03-Rectangle", "src\ch1-Getting-Started\ch1-03-Rectangle\ch1-03-Rectangle.vcxproj", "{87A45EF6-6850-4E3F-87CB-5D9B9B677C65}"
EndProject
Global
	GlobalSection(SolutionConfigurationPlatforms) = preSolution
		Debug|Win32 = Debug|Win32
		Release|Win32 = Release|Win32
	EndGlobalSection
	GlobalSection(ProjectConfigurationPlatforms) = postSolution
		{07F1FF30-F443-4FC4-B8C2-16DDC0CB7B2E}.Debug|Win32.ActiveCfg = Debug|Win32
		{07F1FF30-F443-4FC4-B8C2-16DDC0CB7B2E}.Debug|Win32.Build.0 = Debug|Win32
		{07F1FF30-F443-4FC4-B8C2-16DDC0CB7B2E}.Release|Win32.ActiveCfg = Release|Win32
		{07F1FF30-F443-4FC4-B8C2-16DDC0CB7B2E}.Release|Win32.Build.0 = Release|Win32
		{D06E6CC1-270D-4B36-A65B-4764E0DEE86E}.Debug|Win32.ActiveCfg = Debug|Win32
		{D06E6CC1-270D-4B36-A65B-4764E0DEE86E}.Debug|Win32.Build.0 = Debug|Win32
		{D06E6CC1-270D-4B36-A65B-4764E0DEE86E}.Release|Win32.ActiveCfg = Release|Win32
		{D06E6CC1-270D-4B36-A65B-4764E0DEE86E}.Release|Win32.Build.0 = Release|Win32
		{87A45EF6-6850-4E3F-87CB-5D9B9B677C65}.Debug|Win32.ActiveCfg = Debug|Win32
		{87A45EF6-6850-4E3F-87CB-5D9B9B677C65}.Debug|Win32.Build.0 = Debug|Win32
		{87A45EF6-6850-4E3F-87CB-5D9B9B677C65}.Release|Win32.ActiveCfg = Release|Win32
		{87A45EF6-6850-4E3F-87CB-5D9B9B677C65}.Release|Win32.Build.0 = Release|Win32
	EndGlobalSection
	GlobalSection(SolutionProperties) = preSolution
		HideSolutionNode = FALSE
	EndGlobalSection
	GlobalSection(NestedProjects) = preSolution
		{07F1FF30-F443-4FC4-B8C2-16DDC0CB7B2E} = {DCB4DCFC-39D4-4141-A7D4-6C3450C09955}
		{D06E6CC1-270D-4B36-A65B-4764E0DEE86E} = {DCB4DCFC-39D4-4141-A7D4-6C3450C09955}
		{87A45EF6-6850-4E3F-87CB-5D9B9B677C65} = {DCB4DCFC-39D4-4141-A7D4-6C3450C09955}
	EndGlobalSection
EndGlobal
