
Microsoft Visual Studio Solution File, Format Version 12.00
# Visual Studio 2012
Project("{2150E333-8FDC-42A3-9474-1A3956D46DE8}") = "ch1-Getting-Started", "ch1-Getting-Started", "{DCB4DCFC-39D4-4141-A7D4-6C3450C09955}"
EndProject
Project("{2150E333-8FDC-42A3-9474-1A3956D46DE8}") = "ch2-Lighting", "ch2-Lighting", "{36B96809-7E71-4531-A496-667859CD657C}"
EndProject
Project("{2150E333-8FDC-42A3-9474-1A3956D46DE8}") = "ch3-Model-Loading", "ch3-Model-Loading", "{E430557B-C0B0-4096-B5CF-A4F7A0FDDD96}"
EndProject
Project("{2150E333-8FDC-42A3-9474-1A3956D46DE8}") = "ch4-Advanced-OpenGL", "ch4-Advanced-OpenGL", "{8647D9A1-5D23-4014-868E-853216B01EA8}"
EndProject
Project("{2150E333-8FDC-42A3-9474-1A3956D46DE8}") = "ch5-Advanced-Lighting", "ch5-Advanced-Lighting", "{6E002463-45E8-42EE-8562-235DE59A142E}"
EndProject
Project("{2150E333-8FDC-42A3-9474-1A3956D46DE8}") = "ch6-Practice", "ch6-Practice", "{B4174FEC-04BB-4F05-AA30-7D75A0ADDFE2}"
EndProject
Project("{8BC9CEB8-8B4A-11D0-8D11-00A0C91BC942}") = "ch1-01-Window", "src\ch1-Getting-Started\ch1-01-Window\ch1-01-Window.vcxproj", "{07F1FF30-F443-4FC4-B8C2-16DDC0CB7B2E}"
EndProject
Project("{8BC9CEB8-8B4A-11D0-8D11-00A0C91BC942}") = "ch1-02-Triangle", "src\ch1-Getting-Started\ch1-02-Triangle\ch1-02-Triangle.vcxproj", "{D06E6CC1-270D-4B36-A65B-4764E0DEE86E}"
EndProject
Project("{8BC9CEB8-8B4A-11D0-8D11-00A0C91BC942}") = "ch1-03-Rectangle", "src\ch1-Getting-Started\ch1-03-Rectangle\ch1-03-Rectangle.vcxproj", "{87A45EF6-6850-4E3F-87CB-5D9B9B677C65}"
EndProject
Project("{8BC9CEB8-8B4A-11D0-8D11-00A0C91BC942}") = "ch1-04-Shader", "src\ch1-Getting-Started\ch1-04-Shader\ch1-04-Shader.vcxproj", "{221ECD28-E596-4629-9F14-82A78C30F2CE}"
EndProject
Project("{8BC9CEB8-8B4A-11D0-8D11-00A0C91BC942}") = "ch1-05-Uniform", "src\ch1-Getting-Started\ch1-05-Uniform\ch1-05-Uniform.vcxproj", "{2DC06758-3AFC-47C1-9B61-8E81E1FE156D}"
EndProject
Project("{8BC9CEB8-8B4A-11D0-8D11-00A0C91BC942}") = "ch1-06-Texture", "src\ch1-Getting-Started\ch1-06-Texture\ch1-06-Texture.vcxproj", "{F59E2614-492E-4098-AC4A-9947563E9327}"
EndProject
Project("{8BC9CEB8-8B4A-11D0-8D11-00A0C91BC942}") = "ch1-07-Multi-Texture", "src\ch1-Getting-Started\ch1-07-Multi-Texture\ch1-07-Multi-Texture.vcxproj", "{EF1E928B-56AA-440C-B627-43073147067D}"
EndProject
Project("{8BC9CEB8-8B4A-11D0-8D11-00A0C91BC942}") = "ch2-01-Light-Color", "src\ch2-Lighting\ch2-01-Light-Color\ch2-01-Light-Color.vcxproj", "{89057E37-2B51-4AA0-A420-3C5DF33C97D3}"
EndProject
Project("{8BC9CEB8-8B4A-11D0-8D11-00A0C91BC942}") = "ch2-02-Light-Phong", "src\ch2-Lighting\ch2-02-Light-Phong\ch2-02-Light-Phong.vcxproj", "{0E000EE3-28C7-4D5F-BAC8-8AD42B0DF188}"
EndProject
Project("{8BC9CEB8-8B4A-11D0-8D11-00A0C91BC942}") = "ch2-03-Light-Material", "src\ch2-Lighting\ch2-03-Light-Material\ch2-03-Light-Material.vcxproj", "{7E0A3605-C216-4E04-97C5-0469F8E46B92}"
EndProject
Project("{8BC9CEB8-8B4A-11D0-8D11-00A0C91BC942}") = "ch2-04-Light-Map", "src\ch2-Lighting\ch2-04-Light-Map\ch2-04-Light-Map.vcxproj", "{51A764BD-B759-4719-B234-E1A6B412AA94}"
EndProject
Project("{8BC9CEB8-8B4A-11D0-8D11-00A0C91BC942}") = "ch2-05-Light-Direction", "src\ch2-Lighting\ch2-05-Light-Direction\ch2-05-Light-Direction.vcxproj", "{D30D9EC4-0457-426B-B0CF-EF09495B4441}"
EndProject
Project("{8BC9CEB8-8B4A-11D0-8D11-00A0C91BC942}") = "ch2-06-Light-Point", "src\ch2-Lighting\ch2-06-Light-Point\ch2-06-Light-Point.vcxproj", "{8009FEC6-B59D-41F3-97CF-17CEC71936AA}"
EndProject
Project("{8BC9CEB8-8B4A-11D0-8D11-00A0C91BC942}") = "ch2-07-Light-Spot", "src\ch2-Lighting\ch2-07-Light-Spot\ch2-07-Light-Spot.vcxproj", "{856D0A94-8629-4B41-9DF7-913246B9B424}"
EndProject
Project("{8BC9CEB8-8B4A-11D0-8D11-00A0C91BC942}") = "ch2-08-Light-Multi", "src\ch2-Lighting\ch2-08-Light-Multi\ch2-08-Light-Multi.vcxproj", "{A4482F50-C19E-471A-898E-B8CB417EF3BE}"
EndProject
Project("{8BC9CEB8-8B4A-11D0-8D11-00A0C91BC942}") = "ch3-01-Model-Loading", "src\ch3-Model-Loading\ch3-01-Model-Loading\ch3-01-Model-Loading.vcxproj", "{A9AAB5D5-104B-4233-B5B2-2B80F8E62A66}"
EndProject
Project("{8BC9CEB8-8B4A-11D0-8D11-00A0C91BC942}") = "ch4-01-Depth-Testing", "src\ch4-Advanced-OpenGL\ch4-01-Depth-Testing\ch4-01-Depth-Testing.vcxproj", "{0C5D7F75-67A9-4048-8878-315B463A232D}"
EndProject
Project("{8BC9CEB8-8B4A-11D0-8D11-00A0C91BC942}") = "ch4-02-Stencil-Testing", "src\ch4-Advanced-OpenGL\ch4-02-Stencil-Testing\ch4-02-Stencil-Testing.vcxproj", "{DABE9F53-E37E-4A20-814F-EA3A88A9901C}"
EndProject
Project("{8BC9CEB8-8B4A-11D0-8D11-00A0C91BC942}") = "ch4-03-Blend-Grass", "src\ch4-Advanced-OpenGL\ch4-03-Blend-Grass\ch4-03-Blend-Grass.vcxproj", "{603A0174-B79D-4221-9AC9-A2741F9AF3DA}"
EndProject
Project("{8BC9CEB8-8B4A-11D0-8D11-00A0C91BC942}") = "ch4-04-Blend-Order", "src\ch4-Advanced-OpenGL\ch4-04-Blend-Order\ch4-04-Blend-Order.vcxproj", "{046B3711-065B-4634-9432-5D23CCE58EC5}"
EndProject
Project("{8BC9CEB8-8B4A-11D0-8D11-00A0C91BC942}") = "ch4-05-Face-Culling", "src\ch4-Advanced-OpenGL\ch4-05-Face-Culling\ch4-05-Face-Culling.vcxproj", "{D56FE804-51B1-45C4-9AB9-302E3DABE458}"
EndProject
Project("{8BC9CEB8-8B4A-11D0-8D11-00A0C91BC942}") = "ch4-06-Framebuffers", "src\ch4-Advanced-OpenGL\ch4-06-Framebuffers\ch4-06-Framebuffers.vcxproj", "{68A404AE-88B6-443B-B01D-696EBC4F835F}"
EndProject
Project("{8BC9CEB8-8B4A-11D0-8D11-00A0C91BC942}") = "ch4-07-Skybox", "src\ch4-Advanced-OpenGL\ch4-07-Skybox\ch4-07-Skybox.vcxproj", "{A912EB14-26D9-4F58-9217-CC52A4B7DA3A}"
EndProject
Project("{8BC9CEB8-8B4A-11D0-8D11-00A0C91BC942}") = "ch4-08-Environment-Map", "src\ch4-Advanced-OpenGL\ch4-08-Environment-Map\ch4-08-Environment-Map.vcxproj", "{C5936E5F-56E9-41DC-AFF8-7ED85954E01E}"
EndProject
Project("{8BC9CEB8-8B4A-11D0-8D11-00A0C91BC942}") = "ch4-09-Environment-Refraction", "src\ch4-Advanced-OpenGL\ch4-09-Environment-Refraction\ch4-09-Environment-Refraction.vcxproj", "{AA2ADB31-BC33-4748-B3D2-C61D080AFE82}"
EndProject
Project("{8BC9CEB8-8B4A-11D0-8D11-00A0C91BC942}") = "ch4-10-Advanced-Data", "src\ch4-Advanced-OpenGL\ch4-10-Advanced-Data\ch4-10-Advanced-Data.vcxproj", "{38F938DE-242F-494B-97DC-2EC5C7BC9F38}"
EndProject
Project("{8BC9CEB8-8B4A-11D0-8D11-00A0C91BC942}") = "ch4-11-Point-Sprite", "src\ch4-Advanced-OpenGL\ch4-11-Point-Sprite\ch4-11-Point-Sprite.vcxproj", "{7396C22C-7B84-4D13-9B27-CE6F5842AA91}"
EndProject
Project("{8BC9CEB8-8B4A-11D0-8D11-00A0C91BC942}") = "ch4-12-Uniform-Buffer", "src\ch4-Advanced-OpenGL\ch4-12-Uniform-Buffer\ch4-12-Uniform-Buffer.vcxproj", "{B1DDC4C6-6A07-48A7-8E0A-5525B5E1B58C}"
EndProject
Project("{8BC9CEB8-8B4A-11D0-8D11-00A0C91BC942}") = "ch4-13-Geometry-Line", "src\ch4-Advanced-OpenGL\ch4-13-Geometry-Line\ch4-13-Geometry-Line.vcxproj", "{C1F163BD-0827-477B-BD83-6720E955714E}"
EndProject
Project("{8BC9CEB8-8B4A-11D0-8D11-00A0C91BC942}") = "ch4-14-Geometry-House", "src\ch4-Advanced-OpenGL\ch4-14-Geometry-House\ch4-14-Geometry-House.vcxproj", "{C2E4FACC-2B38-491C-972D-7AAAE6427A3A}"
EndProject
Project("{8BC9CEB8-8B4A-11D0-8D11-00A0C91BC942}") = "ch4-15-Geometry-Exploding", "src\ch4-Advanced-OpenGL\ch4-15-Geometry-Exploding\ch4-15-Geometry-Exploding.vcxproj", "{E3913819-CD9B-428A-846A-7026E05A9AC9}"
EndProject
Project("{8BC9CEB8-8B4A-11D0-8D11-00A0C91BC942}") = "ch4-16-Geometry-Normal-View", "src\ch4-Advanced-OpenGL\ch4-16-Geometry-Normal-View\ch4-16-Geometry-Normal-View.vcxproj", "{E575119C-A412-4874-A718-EB90663C72DE}"
EndProject
Project("{8BC9CEB8-8B4A-11D0-8D11-00A0C91BC942}") = "ch4-17-Instance-Quad", "src\ch4-Advanced-OpenGL\ch4-17-Instance-Quad\ch4-17-Instance-Quad.vcxproj", "{A33E791F-A99E-481D-AC1D-2685D16256BD}"
EndProject
Project("{8BC9CEB8-8B4A-11D0-8D11-00A0C91BC942}") = "ch4-18-Instance-Asteroid", "src\ch4-Advanced-OpenGL\ch4-18-Instance-Asteroid\ch4-18-Instance-Asteroid.vcxproj", "{D0C073FA-8CF7-4CFA-BFB7-FCEEF78FCA0A}"
EndProject
Project("{8BC9CEB8-8B4A-11D0-8D11-00A0C91BC942}") = "ch4-19-Multi-Sample", "src\ch4-Advanced-OpenGL\ch4-19-Multi-Sample\ch4-19-Multi-Sample.vcxproj", "{B2F705CF-950C-4256-BEC6-FD603E924198}"
EndProject
Project("{8BC9CEB8-8B4A-11D0-8D11-00A0C91BC942}") = "ch5-01-Blinn-Phong", "src\ch5-Advanced-Lighting\ch5-01-Blinn-Phong\ch5-01-Blinn-Phong.vcxproj", "{6B3F36CB-16CE-4A21-A41E-B2C9C31722DC}"
EndProject
Project("{8BC9CEB8-8B4A-11D0-8D11-00A0C91BC942}") = "ch5-02-Gamma-Correction", "src\ch5-Advanced-Lighting\ch5-02-Gamma-Correction\ch5-02-Gamma-Correction.vcxproj", "{FEE67048-0258-494E-B734-14CFD22B5438}"
EndProject
Project("{8BC9CEB8-8B4A-11D0-8D11-00A0C91BC942}") = "ch5-03-Shadow-Mapping", "src\ch5-Advanced-Lighting\ch5-03-Shadow-Mapping\ch5-03-Shadow-Mapping.vcxproj", "{1FC92E2A-DA1E-4BD8-B9CC-9F4C16D04676}"
EndProject
Project("{8BC9CEB8-8B4A-11D0-8D11-00A0C91BC942}") = "ch5-04-Shadow-Point", "src\ch5-Advanced-Lighting\ch5-04-Shadow-Point\ch5-04-Shadow-Point.vcxproj", "{D72976AE-3325-4599-B164-CDEC5453D74A}"
EndProject
Project("{8BC9CEB8-8B4A-11D0-8D11-00A0C91BC942}") = "ch5-05-CSM", "src\ch5-Advanced-Lighting\ch5-05-CSM\ch5-05-CSM.vcxproj", "{32322741-2147-4062-87F0-01125C0AE44C}"
EndProject
Project("{8BC9CEB8-8B4A-11D0-8D11-00A0C91BC942}") = "ch5-06-Normal-Mapping", "src\ch5-Advanced-Lighting\ch5-06-Normal-Mapping\ch5-06-Normal-Mapping.vcxproj", "{DFC96172-1275-496A-A1BC-51AACE5BCE17}"
EndProject
Project("{8BC9CEB8-8B4A-11D0-8D11-00A0C91BC942}") = "ch5-07-Parallax-Mapping", "src\ch5-Advanced-Lighting\ch5-07-Parallax-Mapping\ch5-07-Parallax-Mapping.vcxproj", "{06535DEE-2C8C-4AC9-AF8C-EBCE64D1697F}"
EndProject
Project("{8BC9CEB8-8B4A-11D0-8D11-00A0C91BC942}") = "ch5-08-HDR", "src\ch5-Advanced-Lighting\ch5-08-HDR\ch5-08-HDR.vcxproj", "{957D9285-E313-4031-8D58-3D8816BB406B}"
EndProject
Project("{8BC9CEB8-8B4A-11D0-8D11-00A0C91BC942}") = "ch5-09-Bloom", "src\ch5-Advanced-Lighting\ch5-09-Bloom\ch5-09-Bloom.vcxproj", "{69EA8869-ABDA-4640-AFD1-84B65DF5B95D}"
EndProject
Project("{8BC9CEB8-8B4A-11D0-8D11-00A0C91BC942}") = "ch5-10-Deferred-Shading", "src\ch5-Advanced-Lighting\ch5-10-Deferred-Shading\ch5-10-Deferred-Shading.vcxproj", "{66C9C08C-26DB-46A2-B409-AD37AB319D77}"
EndProject
Project("{8BC9CEB8-8B4A-11D0-8D11-00A0C91BC942}") = "ch5-11-SSAO", "src\ch5-Advanced-Lighting\ch5-11-SSAO\ch5-11-SSAO.vcxproj", "{EC41CAB2-03E9-408E-92AD-664FC6A45998}"
EndProject
Project("{8BC9CEB8-8B4A-11D0-8D11-00A0C91BC942}") = "ch6-01-Debugging", "src\ch6-Practice\ch6-01-Debugging\ch6-01-Debugging.vcxproj", "{57BD58BE-D0A6-49BE-B2C5-CBC32A12558F}"
EndProject
Project("{8BC9CEB8-8B4A-11D0-8D11-00A0C91BC942}") = "ch6-02-Text-Rendering", "src\ch6-Practice\ch6-02-Text-Rendering\ch6-02-Text-Rendering.vcxproj", "{852F35C8-E9DE-4DA9-AA58-EB6FB66BE8F5}"
EndProject
Project("{2150E333-8FDC-42A3-9474-1A3956D46DE8}") = "ch7-2D-Game", "ch7-2D-Game", "{1A48621A-2C3A-45AD-804A-DF070BB5C846}"
EndProject
Project("{8BC9CEB8-8B4A-11D0-8D11-00A0C91BC942}") = "ch1-08-Transform", "src\ch1-Getting-Started\ch1-08-Transform\ch1-08-Transform.vcxproj", "{2B597644-4057-4654-AEB8-9A96EAC4D899}"
EndProject
Project("{8BC9CEB8-8B4A-11D0-8D11-00A0C91BC942}") = "ch1-09-MVP-Cube", "src\ch1-Getting-Started\ch1-09-MVP-Cube\ch1-09-MVP-Cube.vcxproj", "{56B935C7-C44C-4854-8376-C85F878850E0}"
EndProject
Project("{8BC9CEB8-8B4A-11D0-8D11-00A0C91BC942}") = "ch1-10-Camera", "src\ch1-Getting-Started\ch1-10-Camera\ch1-10-Camera.vcxproj", "{F2739EBA-6D50-4061-A0B8-80BE871E5A0B}"
EndProject
Global
	GlobalSection(SolutionConfigurationPlatforms) = preSolution
		Debug|Win32 = Debug|Win32
		Release|Win32 = Release|Win32
	EndGlobalSection
	GlobalSection(ProjectConfigurationPlatforms) = postSolution
		{07F1FF30-F443-4FC4-B8C2-16DDC0CB7B2E}.Debug|Win32.ActiveCfg = Debug|Win32
		{07F1FF30-F443-4FC4-B8C2-16DDC0CB7B2E}.Debug|Win32.Build.0 = Debug|Win32
		{07F1FF30-F443-4FC4-B8C2-16DDC0CB7B2E}.Release|Win32.ActiveCfg = Release|Win32
		{07F1FF30-F443-4FC4-B8C2-16DDC0CB7B2E}.Release|Win32.Build.0 = Release|Win32
		{D06E6CC1-270D-4B36-A65B-4764E0DEE86E}.Debug|Win32.ActiveCfg = Debug|Win32
		{D06E6CC1-270D-4B36-A65B-4764E0DEE86E}.Debug|Win32.Build.0 = Debug|Win32
		{D06E6CC1-270D-4B36-A65B-4764E0DEE86E}.Release|Win32.ActiveCfg = Release|Win32
		{D06E6CC1-270D-4B36-A65B-4764E0DEE86E}.Release|Win32.Build.0 = Release|Win32
		{87A45EF6-6850-4E3F-87CB-5D9B9B677C65}.Debug|Win32.ActiveCfg = Debug|Win32
		{87A45EF6-6850-4E3F-87CB-5D9B9B677C65}.Debug|Win32.Build.0 = Debug|Win32
		{87A45EF6-6850-4E3F-87CB-5D9B9B677C65}.Release|Win32.ActiveCfg = Release|Win32
		{87A45EF6-6850-4E3F-87CB-5D9B9B677C65}.Release|Win32.Build.0 = Release|Win32
		{221ECD28-E596-4629-9F14-82A78C30F2CE}.Debug|Win32.ActiveCfg = Debug|Win32
		{221ECD28-E596-4629-9F14-82A78C30F2CE}.Debug|Win32.Build.0 = Debug|Win32
		{221ECD28-E596-4629-9F14-82A78C30F2CE}.Release|Win32.ActiveCfg = Release|Win32
		{221ECD28-E596-4629-9F14-82A78C30F2CE}.Release|Win32.Build.0 = Release|Win32
		{2DC06758-3AFC-47C1-9B61-8E81E1FE156D}.Debug|Win32.ActiveCfg = Debug|Win32
		{2DC06758-3AFC-47C1-9B61-8E81E1FE156D}.Debug|Win32.Build.0 = Debug|Win32
		{2DC06758-3AFC-47C1-9B61-8E81E1FE156D}.Release|Win32.ActiveCfg = Release|Win32
		{2DC06758-3AFC-47C1-9B61-8E81E1FE156D}.Release|Win32.Build.0 = Release|Win32
		{F59E2614-492E-4098-AC4A-9947563E9327}.Debug|Win32.ActiveCfg = Debug|Win32
		{F59E2614-492E-4098-AC4A-9947563E9327}.Debug|Win32.Build.0 = Debug|Win32
		{F59E2614-492E-4098-AC4A-9947563E9327}.Release|Win32.ActiveCfg = Release|Win32
		{F59E2614-492E-4098-AC4A-9947563E9327}.Release|Win32.Build.0 = Release|Win32
		{EF1E928B-56AA-440C-B627-43073147067D}.Debug|Win32.ActiveCfg = Debug|Win32
		{EF1E928B-56AA-440C-B627-43073147067D}.Debug|Win32.Build.0 = Debug|Win32
		{EF1E928B-56AA-440C-B627-43073147067D}.Release|Win32.ActiveCfg = Release|Win32
		{EF1E928B-56AA-440C-B627-43073147067D}.Release|Win32.Build.0 = Release|Win32
		{89057E37-2B51-4AA0-A420-3C5DF33C97D3}.Debug|Win32.ActiveCfg = Debug|Win32
		{89057E37-2B51-4AA0-A420-3C5DF33C97D3}.Debug|Win32.Build.0 = Debug|Win32
		{89057E37-2B51-4AA0-A420-3C5DF33C97D3}.Release|Win32.ActiveCfg = Release|Win32
		{89057E37-2B51-4AA0-A420-3C5DF33C97D3}.Release|Win32.Build.0 = Release|Win32
		{0E000EE3-28C7-4D5F-BAC8-8AD42B0DF188}.Debug|Win32.ActiveCfg = Debug|Win32
		{0E000EE3-28C7-4D5F-BAC8-8AD42B0DF188}.Debug|Win32.Build.0 = Debug|Win32
		{0E000EE3-28C7-4D5F-BAC8-8AD42B0DF188}.Release|Win32.ActiveCfg = Release|Win32
		{0E000EE3-28C7-4D5F-BAC8-8AD42B0DF188}.Release|Win32.Build.0 = Release|Win32
		{7E0A3605-C216-4E04-97C5-0469F8E46B92}.Debug|Win32.ActiveCfg = Debug|Win32
		{7E0A3605-C216-4E04-97C5-0469F8E46B92}.Debug|Win32.Build.0 = Debug|Win32
		{7E0A3605-C216-4E04-97C5-0469F8E46B92}.Release|Win32.ActiveCfg = Release|Win32
		{7E0A3605-C216-4E04-97C5-0469F8E46B92}.Release|Win32.Build.0 = Release|Win32
		{51A764BD-B759-4719-B234-E1A6B412AA94}.Debug|Win32.ActiveCfg = Debug|Win32
		{51A764BD-B759-4719-B234-E1A6B412AA94}.Debug|Win32.Build.0 = Debug|Win32
		{51A764BD-B759-4719-B234-E1A6B412AA94}.Release|Win32.ActiveCfg = Release|Win32
		{51A764BD-B759-4719-B234-E1A6B412AA94}.Release|Win32.Build.0 = Release|Win32
		{D30D9EC4-0457-426B-B0CF-EF09495B4441}.Debug|Win32.ActiveCfg = Debug|Win32
		{D30D9EC4-0457-426B-B0CF-EF09495B4441}.Debug|Win32.Build.0 = Debug|Win32
		{D30D9EC4-0457-426B-B0CF-EF09495B4441}.Release|Win32.ActiveCfg = Release|Win32
		{D30D9EC4-0457-426B-B0CF-EF09495B4441}.Release|Win32.Build.0 = Release|Win32
		{8009FEC6-B59D-41F3-97CF-17CEC71936AA}.Debug|Win32.ActiveCfg = Debug|Win32
		{8009FEC6-B59D-41F3-97CF-17CEC71936AA}.Debug|Win32.Build.0 = Debug|Win32
		{8009FEC6-B59D-41F3-97CF-17CEC71936AA}.Release|Win32.ActiveCfg = Release|Win32
		{8009FEC6-B59D-41F3-97CF-17CEC71936AA}.Release|Win32.Build.0 = Release|Win32
		{856D0A94-8629-4B41-9DF7-913246B9B424}.Debug|Win32.ActiveCfg = Debug|Win32
		{856D0A94-8629-4B41-9DF7-913246B9B424}.Debug|Win32.Build.0 = Debug|Win32
		{856D0A94-8629-4B41-9DF7-913246B9B424}.Release|Win32.ActiveCfg = Release|Win32
		{856D0A94-8629-4B41-9DF7-913246B9B424}.Release|Win32.Build.0 = Release|Win32
		{A4482F50-C19E-471A-898E-B8CB417EF3BE}.Debug|Win32.ActiveCfg = Debug|Win32
		{A4482F50-C19E-471A-898E-B8CB417EF3BE}.Debug|Win32.Build.0 = Debug|Win32
		{A4482F50-C19E-471A-898E-B8CB417EF3BE}.Release|Win32.ActiveCfg = Release|Win32
		{A4482F50-C19E-471A-898E-B8CB417EF3BE}.Release|Win32.Build.0 = Release|Win32
		{A9AAB5D5-104B-4233-B5B2-2B80F8E62A66}.Debug|Win32.ActiveCfg = Debug|Win32
		{A9AAB5D5-104B-4233-B5B2-2B80F8E62A66}.Debug|Win32.Build.0 = Debug|Win32
		{A9AAB5D5-104B-4233-B5B2-2B80F8E62A66}.Release|Win32.ActiveCfg = Release|Win32
		{A9AAB5D5-104B-4233-B5B2-2B80F8E62A66}.Release|Win32.Build.0 = Release|Win32
		{0C5D7F75-67A9-4048-8878-315B463A232D}.Debug|Win32.ActiveCfg = Debug|Win32
		{0C5D7F75-67A9-4048-8878-315B463A232D}.Debug|Win32.Build.0 = Debug|Win32
		{0C5D7F75-67A9-4048-8878-315B463A232D}.Release|Win32.ActiveCfg = Release|Win32
		{0C5D7F75-67A9-4048-8878-315B463A232D}.Release|Win32.Build.0 = Release|Win32
		{DABE9F53-E37E-4A20-814F-EA3A88A9901C}.Debug|Win32.ActiveCfg = Debug|Win32
		{DABE9F53-E37E-4A20-814F-EA3A88A9901C}.Debug|Win32.Build.0 = Debug|Win32
		{DABE9F53-E37E-4A20-814F-EA3A88A9901C}.Release|Win32.ActiveCfg = Release|Win32
		{DABE9F53-E37E-4A20-814F-EA3A88A9901C}.Release|Win32.Build.0 = Release|Win32
		{603A0174-B79D-4221-9AC9-A2741F9AF3DA}.Debug|Win32.ActiveCfg = Debug|Win32
		{603A0174-B79D-4221-9AC9-A2741F9AF3DA}.Debug|Win32.Build.0 = Debug|Win32
		{603A0174-B79D-4221-9AC9-A2741F9AF3DA}.Release|Win32.ActiveCfg = Release|Win32
		{603A0174-B79D-4221-9AC9-A2741F9AF3DA}.Release|Win32.Build.0 = Release|Win32
		{046B3711-065B-4634-9432-5D23CCE58EC5}.Debug|Win32.ActiveCfg = Debug|Win32
		{046B3711-065B-4634-9432-5D23CCE58EC5}.Debug|Win32.Build.0 = Debug|Win32
		{046B3711-065B-4634-9432-5D23CCE58EC5}.Release|Win32.ActiveCfg = Release|Win32
		{046B3711-065B-4634-9432-5D23CCE58EC5}.Release|Win32.Build.0 = Release|Win32
		{D56FE804-51B1-45C4-9AB9-302E3DABE458}.Debug|Win32.ActiveCfg = Debug|Win32
		{D56FE804-51B1-45C4-9AB9-302E3DABE458}.Debug|Win32.Build.0 = Debug|Win32
		{D56FE804-51B1-45C4-9AB9-302E3DABE458}.Release|Win32.ActiveCfg = Release|Win32
		{D56FE804-51B1-45C4-9AB9-302E3DABE458}.Release|Win32.Build.0 = Release|Win32
		{68A404AE-88B6-443B-B01D-696EBC4F835F}.Debug|Win32.ActiveCfg = Debug|Win32
		{68A404AE-88B6-443B-B01D-696EBC4F835F}.Debug|Win32.Build.0 = Debug|Win32
		{68A404AE-88B6-443B-B01D-696EBC4F835F}.Release|Win32.ActiveCfg = Release|Win32
		{68A404AE-88B6-443B-B01D-696EBC4F835F}.Release|Win32.Build.0 = Release|Win32
		{A912EB14-26D9-4F58-9217-CC52A4B7DA3A}.Debug|Win32.ActiveCfg = Debug|Win32
		{A912EB14-26D9-4F58-9217-CC52A4B7DA3A}.Debug|Win32.Build.0 = Debug|Win32
		{A912EB14-26D9-4F58-9217-CC52A4B7DA3A}.Release|Win32.ActiveCfg = Release|Win32
		{A912EB14-26D9-4F58-9217-CC52A4B7DA3A}.Release|Win32.Build.0 = Release|Win32
		{C5936E5F-56E9-41DC-AFF8-7ED85954E01E}.Debug|Win32.ActiveCfg = Debug|Win32
		{C5936E5F-56E9-41DC-AFF8-7ED85954E01E}.Debug|Win32.Build.0 = Debug|Win32
		{C5936E5F-56E9-41DC-AFF8-7ED85954E01E}.Release|Win32.ActiveCfg = Release|Win32
		{C5936E5F-56E9-41DC-AFF8-7ED85954E01E}.Release|Win32.Build.0 = Release|Win32
		{AA2ADB31-BC33-4748-B3D2-C61D080AFE82}.Debug|Win32.ActiveCfg = Debug|Win32
		{AA2ADB31-BC33-4748-B3D2-C61D080AFE82}.Debug|Win32.Build.0 = Debug|Win32
		{AA2ADB31-BC33-4748-B3D2-C61D080AFE82}.Release|Win32.ActiveCfg = Release|Win32
		{AA2ADB31-BC33-4748-B3D2-C61D080AFE82}.Release|Win32.Build.0 = Release|Win32
		{38F938DE-242F-494B-97DC-2EC5C7BC9F38}.Debug|Win32.ActiveCfg = Debug|Win32
		{38F938DE-242F-494B-97DC-2EC5C7BC9F38}.Debug|Win32.Build.0 = Debug|Win32
		{38F938DE-242F-494B-97DC-2EC5C7BC9F38}.Release|Win32.ActiveCfg = Release|Win32
		{38F938DE-242F-494B-97DC-2EC5C7BC9F38}.Release|Win32.Build.0 = Release|Win32
		{7396C22C-7B84-4D13-9B27-CE6F5842AA91}.Debug|Win32.ActiveCfg = Debug|Win32
		{7396C22C-7B84-4D13-9B27-CE6F5842AA91}.Debug|Win32.Build.0 = Debug|Win32
		{7396C22C-7B84-4D13-9B27-CE6F5842AA91}.Release|Win32.ActiveCfg = Release|Win32
		{7396C22C-7B84-4D13-9B27-CE6F5842AA91}.Release|Win32.Build.0 = Release|Win32
		{B1DDC4C6-6A07-48A7-8E0A-5525B5E1B58C}.Debug|Win32.ActiveCfg = Debug|Win32
		{B1DDC4C6-6A07-48A7-8E0A-5525B5E1B58C}.Debug|Win32.Build.0 = Debug|Win32
		{B1DDC4C6-6A07-48A7-8E0A-5525B5E1B58C}.Release|Win32.ActiveCfg = Release|Win32
		{B1DDC4C6-6A07-48A7-8E0A-5525B5E1B58C}.Release|Win32.Build.0 = Release|Win32
		{C1F163BD-0827-477B-BD83-6720E955714E}.Debug|Win32.ActiveCfg = Debug|Win32
		{C1F163BD-0827-477B-BD83-6720E955714E}.Debug|Win32.Build.0 = Debug|Win32
		{C1F163BD-0827-477B-BD83-6720E955714E}.Release|Win32.ActiveCfg = Release|Win32
		{C1F163BD-0827-477B-BD83-6720E955714E}.Release|Win32.Build.0 = Release|Win32
		{C2E4FACC-2B38-491C-972D-7AAAE6427A3A}.Debug|Win32.ActiveCfg = Debug|Win32
		{C2E4FACC-2B38-491C-972D-7AAAE6427A3A}.Debug|Win32.Build.0 = Debug|Win32
		{C2E4FACC-2B38-491C-972D-7AAAE6427A3A}.Release|Win32.ActiveCfg = Release|Win32
		{C2E4FACC-2B38-491C-972D-7AAAE6427A3A}.Release|Win32.Build.0 = Release|Win32
		{E3913819-CD9B-428A-846A-7026E05A9AC9}.Debug|Win32.ActiveCfg = Debug|Win32
		{E3913819-CD9B-428A-846A-7026E05A9AC9}.Debug|Win32.Build.0 = Debug|Win32
		{E3913819-CD9B-428A-846A-7026E05A9AC9}.Release|Win32.ActiveCfg = Release|Win32
		{E3913819-CD9B-428A-846A-7026E05A9AC9}.Release|Win32.Build.0 = Release|Win32
		{E575119C-A412-4874-A718-EB90663C72DE}.Debug|Win32.ActiveCfg = Debug|Win32
		{E575119C-A412-4874-A718-EB90663C72DE}.Debug|Win32.Build.0 = Debug|Win32
		{E575119C-A412-4874-A718-EB90663C72DE}.Release|Win32.ActiveCfg = Release|Win32
		{E575119C-A412-4874-A718-EB90663C72DE}.Release|Win32.Build.0 = Release|Win32
		{A33E791F-A99E-481D-AC1D-2685D16256BD}.Debug|Win32.ActiveCfg = Debug|Win32
		{A33E791F-A99E-481D-AC1D-2685D16256BD}.Debug|Win32.Build.0 = Debug|Win32
		{A33E791F-A99E-481D-AC1D-2685D16256BD}.Release|Win32.ActiveCfg = Release|Win32
		{A33E791F-A99E-481D-AC1D-2685D16256BD}.Release|Win32.Build.0 = Release|Win32
		{D0C073FA-8CF7-4CFA-BFB7-FCEEF78FCA0A}.Debug|Win32.ActiveCfg = Debug|Win32
		{D0C073FA-8CF7-4CFA-BFB7-FCEEF78FCA0A}.Debug|Win32.Build.0 = Debug|Win32
		{D0C073FA-8CF7-4CFA-BFB7-FCEEF78FCA0A}.Release|Win32.ActiveCfg = Release|Win32
		{D0C073FA-8CF7-4CFA-BFB7-FCEEF78FCA0A}.Release|Win32.Build.0 = Release|Win32
		{B2F705CF-950C-4256-BEC6-FD603E924198}.Debug|Win32.ActiveCfg = Debug|Win32
		{B2F705CF-950C-4256-BEC6-FD603E924198}.Debug|Win32.Build.0 = Debug|Win32
		{B2F705CF-950C-4256-BEC6-FD603E924198}.Release|Win32.ActiveCfg = Release|Win32
		{B2F705CF-950C-4256-BEC6-FD603E924198}.Release|Win32.Build.0 = Release|Win32
		{6B3F36CB-16CE-4A21-A41E-B2C9C31722DC}.Debug|Win32.ActiveCfg = Debug|Win32
		{6B3F36CB-16CE-4A21-A41E-B2C9C31722DC}.Debug|Win32.Build.0 = Debug|Win32
		{6B3F36CB-16CE-4A21-A41E-B2C9C31722DC}.Release|Win32.ActiveCfg = Release|Win32
		{6B3F36CB-16CE-4A21-A41E-B2C9C31722DC}.Release|Win32.Build.0 = Release|Win32
		{FEE67048-0258-494E-B734-14CFD22B5438}.Debug|Win32.ActiveCfg = Debug|Win32
		{FEE67048-0258-494E-B734-14CFD22B5438}.Debug|Win32.Build.0 = Debug|Win32
		{FEE67048-0258-494E-B734-14CFD22B5438}.Release|Win32.ActiveCfg = Release|Win32
		{FEE67048-0258-494E-B734-14CFD22B5438}.Release|Win32.Build.0 = Release|Win32
		{1FC92E2A-DA1E-4BD8-B9CC-9F4C16D04676}.Debug|Win32.ActiveCfg = Debug|Win32
		{1FC92E2A-DA1E-4BD8-B9CC-9F4C16D04676}.Debug|Win32.Build.0 = Debug|Win32
		{1FC92E2A-DA1E-4BD8-B9CC-9F4C16D04676}.Release|Win32.ActiveCfg = Release|Win32
		{1FC92E2A-DA1E-4BD8-B9CC-9F4C16D04676}.Release|Win32.Build.0 = Release|Win32
		{D72976AE-3325-4599-B164-CDEC5453D74A}.Debug|Win32.ActiveCfg = Debug|Win32
		{D72976AE-3325-4599-B164-CDEC5453D74A}.Debug|Win32.Build.0 = Debug|Win32
		{D72976AE-3325-4599-B164-CDEC5453D74A}.Release|Win32.ActiveCfg = Release|Win32
		{D72976AE-3325-4599-B164-CDEC5453D74A}.Release|Win32.Build.0 = Release|Win32
		{32322741-2147-4062-87F0-01125C0AE44C}.Debug|Win32.ActiveCfg = Debug|Win32
		{32322741-2147-4062-87F0-01125C0AE44C}.Debug|Win32.Build.0 = Debug|Win32
		{32322741-2147-4062-87F0-01125C0AE44C}.Release|Win32.ActiveCfg = Release|Win32
		{32322741-2147-4062-87F0-01125C0AE44C}.Release|Win32.Build.0 = Release|Win32
		{DFC96172-1275-496A-A1BC-51AACE5BCE17}.Debug|Win32.ActiveCfg = Debug|Win32
		{DFC96172-1275-496A-A1BC-51AACE5BCE17}.Debug|Win32.Build.0 = Debug|Win32
		{DFC96172-1275-496A-A1BC-51AACE5BCE17}.Release|Win32.ActiveCfg = Release|Win32
		{DFC96172-1275-496A-A1BC-51AACE5BCE17}.Release|Win32.Build.0 = Release|Win32
		{06535DEE-2C8C-4AC9-AF8C-EBCE64D1697F}.Debug|Win32.ActiveCfg = Debug|Win32
		{06535DEE-2C8C-4AC9-AF8C-EBCE64D1697F}.Debug|Win32.Build.0 = Debug|Win32
		{06535DEE-2C8C-4AC9-AF8C-EBCE64D1697F}.Release|Win32.ActiveCfg = Release|Win32
		{06535DEE-2C8C-4AC9-AF8C-EBCE64D1697F}.Release|Win32.Build.0 = Release|Win32
		{957D9285-E313-4031-8D58-3D8816BB406B}.Debug|Win32.ActiveCfg = Debug|Win32
		{957D9285-E313-4031-8D58-3D8816BB406B}.Debug|Win32.Build.0 = Debug|Win32
		{957D9285-E313-4031-8D58-3D8816BB406B}.Release|Win32.ActiveCfg = Release|Win32
		{957D9285-E313-4031-8D58-3D8816BB406B}.Release|Win32.Build.0 = Release|Win32
		{69EA8869-ABDA-4640-AFD1-84B65DF5B95D}.Debug|Win32.ActiveCfg = Debug|Win32
		{69EA8869-ABDA-4640-AFD1-84B65DF5B95D}.Debug|Win32.Build.0 = Debug|Win32
		{69EA8869-ABDA-4640-AFD1-84B65DF5B95D}.Release|Win32.ActiveCfg = Release|Win32
		{69EA8869-ABDA-4640-AFD1-84B65DF5B95D}.Release|Win32.Build.0 = Release|Win32
		{66C9C08C-26DB-46A2-B409-AD37AB319D77}.Debug|Win32.ActiveCfg = Debug|Win32
		{66C9C08C-26DB-46A2-B409-AD37AB319D77}.Debug|Win32.Build.0 = Debug|Win32
		{66C9C08C-26DB-46A2-B409-AD37AB319D77}.Release|Win32.ActiveCfg = Release|Win32
		{66C9C08C-26DB-46A2-B409-AD37AB319D77}.Release|Win32.Build.0 = Release|Win32
		{EC41CAB2-03E9-408E-92AD-664FC6A45998}.Debug|Win32.ActiveCfg = Debug|Win32
		{EC41CAB2-03E9-408E-92AD-664FC6A45998}.Debug|Win32.Build.0 = Debug|Win32
		{EC41CAB2-03E9-408E-92AD-664FC6A45998}.Release|Win32.ActiveCfg = Release|Win32
		{EC41CAB2-03E9-408E-92AD-664FC6A45998}.Release|Win32.Build.0 = Release|Win32
		{57BD58BE-D0A6-49BE-B2C5-CBC32A12558F}.Debug|Win32.ActiveCfg = Debug|Win32
		{57BD58BE-D0A6-49BE-B2C5-CBC32A12558F}.Debug|Win32.Build.0 = Debug|Win32
		{57BD58BE-D0A6-49BE-B2C5-CBC32A12558F}.Release|Win32.ActiveCfg = Release|Win32
		{57BD58BE-D0A6-49BE-B2C5-CBC32A12558F}.Release|Win32.Build.0 = Release|Win32
		{852F35C8-E9DE-4DA9-AA58-EB6FB66BE8F5}.Debug|Win32.ActiveCfg = Debug|Win32
		{852F35C8-E9DE-4DA9-AA58-EB6FB66BE8F5}.Debug|Win32.Build.0 = Debug|Win32
		{852F35C8-E9DE-4DA9-AA58-EB6FB66BE8F5}.Release|Win32.ActiveCfg = Release|Win32
		{852F35C8-E9DE-4DA9-AA58-EB6FB66BE8F5}.Release|Win32.Build.0 = Release|Win32
		{2B597644-4057-4654-AEB8-9A96EAC4D899}.Debug|Win32.ActiveCfg = Debug|Win32
		{2B597644-4057-4654-AEB8-9A96EAC4D899}.Debug|Win32.Build.0 = Debug|Win32
		{2B597644-4057-4654-AEB8-9A96EAC4D899}.Release|Win32.ActiveCfg = Release|Win32
		{2B597644-4057-4654-AEB8-9A96EAC4D899}.Release|Win32.Build.0 = Release|Win32
		{56B935C7-C44C-4854-8376-C85F878850E0}.Debug|Win32.ActiveCfg = Debug|Win32
		{56B935C7-C44C-4854-8376-C85F878850E0}.Debug|Win32.Build.0 = Debug|Win32
		{56B935C7-C44C-4854-8376-C85F878850E0}.Release|Win32.ActiveCfg = Release|Win32
		{56B935C7-C44C-4854-8376-C85F878850E0}.Release|Win32.Build.0 = Release|Win32
		{F2739EBA-6D50-4061-A0B8-80BE871E5A0B}.Debug|Win32.ActiveCfg = Debug|Win32
		{F2739EBA-6D50-4061-A0B8-80BE871E5A0B}.Debug|Win32.Build.0 = Debug|Win32
		{F2739EBA-6D50-4061-A0B8-80BE871E5A0B}.Release|Win32.ActiveCfg = Release|Win32
		{F2739EBA-6D50-4061-A0B8-80BE871E5A0B}.Release|Win32.Build.0 = Release|Win32
	EndGlobalSection
	GlobalSection(SolutionProperties) = preSolution
		HideSolutionNode = FALSE
	EndGlobalSection
	GlobalSection(NestedProjects) = preSolution
		{07F1FF30-F443-4FC4-B8C2-16DDC0CB7B2E} = {DCB4DCFC-39D4-4141-A7D4-6C3450C09955}
		{D06E6CC1-270D-4B36-A65B-4764E0DEE86E} = {DCB4DCFC-39D4-4141-A7D4-6C3450C09955}
		{87A45EF6-6850-4E3F-87CB-5D9B9B677C65} = {DCB4DCFC-39D4-4141-A7D4-6C3450C09955}
		{221ECD28-E596-4629-9F14-82A78C30F2CE} = {DCB4DCFC-39D4-4141-A7D4-6C3450C09955}
		{2DC06758-3AFC-47C1-9B61-8E81E1FE156D} = {DCB4DCFC-39D4-4141-A7D4-6C3450C09955}
		{F59E2614-492E-4098-AC4A-9947563E9327} = {DCB4DCFC-39D4-4141-A7D4-6C3450C09955}
		{EF1E928B-56AA-440C-B627-43073147067D} = {DCB4DCFC-39D4-4141-A7D4-6C3450C09955}
		{2B597644-4057-4654-AEB8-9A96EAC4D899} = {DCB4DCFC-39D4-4141-A7D4-6C3450C09955}
		{56B935C7-C44C-4854-8376-C85F878850E0} = {DCB4DCFC-39D4-4141-A7D4-6C3450C09955}
		{F2739EBA-6D50-4061-A0B8-80BE871E5A0B} = {DCB4DCFC-39D4-4141-A7D4-6C3450C09955}
		{89057E37-2B51-4AA0-A420-3C5DF33C97D3} = {36B96809-7E71-4531-A496-667859CD657C}
		{0E000EE3-28C7-4D5F-BAC8-8AD42B0DF188} = {36B96809-7E71-4531-A496-667859CD657C}
		{7E0A3605-C216-4E04-97C5-0469F8E46B92} = {36B96809-7E71-4531-A496-667859CD657C}
		{51A764BD-B759-4719-B234-E1A6B412AA94} = {36B96809-7E71-4531-A496-667859CD657C}
		{D30D9EC4-0457-426B-B0CF-EF09495B4441} = {36B96809-7E71-4531-A496-667859CD657C}
		{8009FEC6-B59D-41F3-97CF-17CEC71936AA} = {36B96809-7E71-4531-A496-667859CD657C}
		{856D0A94-8629-4B41-9DF7-913246B9B424} = {36B96809-7E71-4531-A496-667859CD657C}
		{A4482F50-C19E-471A-898E-B8CB417EF3BE} = {36B96809-7E71-4531-A496-667859CD657C}
		{A9AAB5D5-104B-4233-B5B2-2B80F8E62A66} = {E430557B-C0B0-4096-B5CF-A4F7A0FDDD96}
		{0C5D7F75-67A9-4048-8878-315B463A232D} = {8647D9A1-5D23-4014-868E-853216B01EA8}
		{DABE9F53-E37E-4A20-814F-EA3A88A9901C} = {8647D9A1-5D23-4014-868E-853216B01EA8}
		{603A0174-B79D-4221-9AC9-A2741F9AF3DA} = {8647D9A1-5D23-4014-868E-853216B01EA8}
		{046B3711-065B-4634-9432-5D23CCE58EC5} = {8647D9A1-5D23-4014-868E-853216B01EA8}
		{D56FE804-51B1-45C4-9AB9-302E3DABE458} = {8647D9A1-5D23-4014-868E-853216B01EA8}
		{68A404AE-88B6-443B-B01D-696EBC4F835F} = {8647D9A1-5D23-4014-868E-853216B01EA8}
		{A912EB14-26D9-4F58-9217-CC52A4B7DA3A} = {8647D9A1-5D23-4014-868E-853216B01EA8}
		{C5936E5F-56E9-41DC-AFF8-7ED85954E01E} = {8647D9A1-5D23-4014-868E-853216B01EA8}
		{AA2ADB31-BC33-4748-B3D2-C61D080AFE82} = {8647D9A1-5D23-4014-868E-853216B01EA8}
		{38F938DE-242F-494B-97DC-2EC5C7BC9F38} = {8647D9A1-5D23-4014-868E-853216B01EA8}
		{7396C22C-7B84-4D13-9B27-CE6F5842AA91} = {8647D9A1-5D23-4014-868E-853216B01EA8}
		{B1DDC4C6-6A07-48A7-8E0A-5525B5E1B58C} = {8647D9A1-5D23-4014-868E-853216B01EA8}
		{C1F163BD-0827-477B-BD83-6720E955714E} = {8647D9A1-5D23-4014-868E-853216B01EA8}
		{C2E4FACC-2B38-491C-972D-7AAAE6427A3A} = {8647D9A1-5D23-4014-868E-853216B01EA8}
		{E3913819-CD9B-428A-846A-7026E05A9AC9} = {8647D9A1-5D23-4014-868E-853216B01EA8}
		{E575119C-A412-4874-A718-EB90663C72DE} = {8647D9A1-5D23-4014-868E-853216B01EA8}
		{A33E791F-A99E-481D-AC1D-2685D16256BD} = {8647D9A1-5D23-4014-868E-853216B01EA8}
		{D0C073FA-8CF7-4CFA-BFB7-FCEEF78FCA0A} = {8647D9A1-5D23-4014-868E-853216B01EA8}
		{B2F705CF-950C-4256-BEC6-FD603E924198} = {8647D9A1-5D23-4014-868E-853216B01EA8}
		{6B3F36CB-16CE-4A21-A41E-B2C9C31722DC} = {6E002463-45E8-42EE-8562-235DE59A142E}
		{FEE67048-0258-494E-B734-14CFD22B5438} = {6E002463-45E8-42EE-8562-235DE59A142E}
		{1FC92E2A-DA1E-4BD8-B9CC-9F4C16D04676} = {6E002463-45E8-42EE-8562-235DE59A142E}
		{D72976AE-3325-4599-B164-CDEC5453D74A} = {6E002463-45E8-42EE-8562-235DE59A142E}
		{32322741-2147-4062-87F0-01125C0AE44C} = {6E002463-45E8-42EE-8562-235DE59A142E}
		{DFC96172-1275-496A-A1BC-51AACE5BCE17} = {6E002463-45E8-42EE-8562-235DE59A142E}
		{06535DEE-2C8C-4AC9-AF8C-EBCE64D1697F} = {6E002463-45E8-42EE-8562-235DE59A142E}
		{957D9285-E313-4031-8D58-3D8816BB406B} = {6E002463-45E8-42EE-8562-235DE59A142E}
		{69EA8869-ABDA-4640-AFD1-84B65DF5B95D} = {6E002463-45E8-42EE-8562-235DE59A142E}
		{66C9C08C-26DB-46A2-B409-AD37AB319D77} = {6E002463-45E8-42EE-8562-235DE59A142E}
		{EC41CAB2-03E9-408E-92AD-664FC6A45998} = {6E002463-45E8-42EE-8562-235DE59A142E}
		{57BD58BE-D0A6-49BE-B2C5-CBC32A12558F} = {B4174FEC-04BB-4F05-AA30-7D75A0ADDFE2}
		{852F35C8-E9DE-4DA9-AA58-EB6FB66BE8F5} = {B4174FEC-04BB-4F05-AA30-7D75A0ADDFE2}
	EndGlobalSection
EndGlobal
